
Microsoft Visual Studio Solution File, Format Version 12.00
# Visual Studio Version 16
VisualStudioVersion = 16.0.32413.511
MinimumVisualStudioVersion = 10.0.40219.1
Project("{FAE04EC0-301F-11D3-BF4B-00C04F79EFBC}") = "MarketStore", "MarketStore\MarketStore.csproj", "{51DF4B9A-E95C-4E12-B5C7-290198C54187}"
EndProject
Global
	GlobalSection(SolutionConfigurationPlatforms) = preSolution
		Debug|Any CPU = Debug|Any CPU
		Release|Any CPU = Release|Any CPU
	EndGlobalSection
	GlobalSection(ProjectConfigurationPlatforms) = postSolution
		{51DF4B9A-E95C-4E12-B5C7-290198C54187}.Debug|Any CPU.ActiveCfg = Debug|Any CPU
		{51DF4B9A-E95C-4E12-B5C7-290198C54187}.Debug|Any CPU.Build.0 = Debug|Any CPU
		{51DF4B9A-E95C-4E12-B5C7-290198C54187}.Release|Any CPU.ActiveCfg = Release|Any CPU
		{51DF4B9A-E95C-4E12-B5C7-290198C54187}.Release|Any CPU.Build.0 = Release|Any CPU
	EndGlobalSection
	GlobalSection(SolutionProperties) = preSolution
		HideSolutionNode = FALSE
	EndGlobalSection
	GlobalSection(ExtensibilityGlobals) = postSolution
		SolutionGuid = {40E3F7AD-C3C9-488C-8574-0CBBD7D47E3C}
	EndGlobalSection
EndGlobal
